// !$*UTF8*$!
{
	archiveVersion = 1;
	classes = {
	};
	objectVersion = 50;
	objects = {

/* Begin PBXBuildFile section */
		5B074EBD23F1D20000582379 /* UserDetailsMainInfoView.swift in Sources */ = {isa = PBXBuildFile; fileRef = 5B074EBC23F1D20000582379 /* UserDetailsMainInfoView.swift */; };
		5B074EBF23F1D21A00582379 /* UserDetailsInfoBlocksView.swift in Sources */ = {isa = PBXBuildFile; fileRef = 5B074EBE23F1D21A00582379 /* UserDetailsInfoBlocksView.swift */; };
		5B074EC123F1D26A00582379 /* SpacerView.swift in Sources */ = {isa = PBXBuildFile; fileRef = 5B074EC023F1D26A00582379 /* SpacerView.swift */; };
		5B0D8F7523F36C980066214B /* CALayer + Extensions.swift in Sources */ = {isa = PBXBuildFile; fileRef = 5B0D8F7423F36C980066214B /* CALayer + Extensions.swift */; };
		5B0D8F7723F370EC0066214B /* UIImage + Extensions.swift in Sources */ = {isa = PBXBuildFile; fileRef = 5B0D8F7623F370EC0066214B /* UIImage + Extensions.swift */; };
		5B1575A523F054C400BDFA9A /* UserDetailsViewController.swift in Sources */ = {isa = PBXBuildFile; fileRef = 5B1575A423F054C400BDFA9A /* UserDetailsViewController.swift */; };
		5B22985223F0B67A00E37DC1 /* CustomStackView.swift in Sources */ = {isa = PBXBuildFile; fileRef = 5B22985123F0B67A00E37DC1 /* CustomStackView.swift */; };
		5B22985423F0B69E00E37DC1 /* HStackView.swift in Sources */ = {isa = PBXBuildFile; fileRef = 5B22985323F0B69E00E37DC1 /* HStackView.swift */; };
		5B2424A523EC520600224099 /* GithubFollower.swift in Sources */ = {isa = PBXBuildFile; fileRef = 5B2424A423EC520600224099 /* GithubFollower.swift */; };
		5B29FCCE23F85F8A006E6B1C /* GFViewController.swift in Sources */ = {isa = PBXBuildFile; fileRef = 5B29FCCD23F85F8A006E6B1C /* GFViewController.swift */; };
		5B435C9F23EFB31700C885DE /* GFLoadingOverlayView.swift in Sources */ = {isa = PBXBuildFile; fileRef = 5B435C9E23EFB31700C885DE /* GFLoadingOverlayView.swift */; };
		5B495BE623F2F55500ECDB1F /* Date + Extensions.swift in Sources */ = {isa = PBXBuildFile; fileRef = 5B495BE523F2F55500ECDB1F /* Date + Extensions.swift */; };
		5B55CB1223EB59CF00B6DF31 /* GFButton.swift in Sources */ = {isa = PBXBuildFile; fileRef = 5B55CB1123EB59CF00B6DF31 /* GFButton.swift */; };
		5B55CB1423EB5C4800B6DF31 /* GFImageView.swift in Sources */ = {isa = PBXBuildFile; fileRef = 5B55CB1323EB5C4800B6DF31 /* GFImageView.swift */; };
		5B55CB1623EB5E6100B6DF31 /* VStackView.swift in Sources */ = {isa = PBXBuildFile; fileRef = 5B55CB1523EB5E6100B6DF31 /* VStackView.swift */; };
		5B55CB1923EB62E800B6DF31 /* Collection + Extensions.swift in Sources */ = {isa = PBXBuildFile; fileRef = 5B55CB1823EB62E800B6DF31 /* Collection + Extensions.swift */; };
		5B55CB1B23EB635800B6DF31 /* String + Extensions.swift in Sources */ = {isa = PBXBuildFile; fileRef = 5B55CB1A23EB635800B6DF31 /* String + Extensions.swift */; };
		5B55CB1D23EB7D2800B6DF31 /* URL + Extensions.swift in Sources */ = {isa = PBXBuildFile; fileRef = 5B55CB1C23EB7D2800B6DF31 /* URL + Extensions.swift */; };
		5B55CB1F23EB7D4600B6DF31 /* NetworkManager.swift in Sources */ = {isa = PBXBuildFile; fileRef = 5B55CB1E23EB7D4600B6DF31 /* NetworkManager.swift */; };
		5B6777C423F72250002C7877 /* FavoritesDataSource.swift in Sources */ = {isa = PBXBuildFile; fileRef = 5B6777C323F72250002C7877 /* FavoritesDataSource.swift */; };
		5B76B13C23EE07CE00252661 /* DataManager.swift in Sources */ = {isa = PBXBuildFile; fileRef = 5B76B13B23EE07CE00252661 /* DataManager.swift */; };
		5B76B14023EE1FB200252661 /* UICollectionView + Extensions.swift in Sources */ = {isa = PBXBuildFile; fileRef = 5B76B13F23EE1FB200252661 /* UICollectionView + Extensions.swift */; };
		5B76B14223EE1FCA00252661 /* UICollectionViewCell + Extensions.swift in Sources */ = {isa = PBXBuildFile; fileRef = 5B76B14123EE1FCA00252661 /* UICollectionViewCell + Extensions.swift */; };
		5B9B3FC823EA47930011DF36 /* GFTextField.swift in Sources */ = {isa = PBXBuildFile; fileRef = 5B9B3FC723EA47930011DF36 /* GFTextField.swift */; };
		5BA9D32923F0B1D30090EE71 /* GFLabel.swift in Sources */ = {isa = PBXBuildFile; fileRef = 5BA9D32823F0B1D30090EE71 /* GFLabel.swift */; };
		5BBE14AE23F7981400332189 /* PersistentManager.swift in Sources */ = {isa = PBXBuildFile; fileRef = 5BBE14AD23F7981400332189 /* PersistentManager.swift */; };
		5BC3A08A23F763EE00302CC8 /* FavoriteCell.swift in Sources */ = {isa = PBXBuildFile; fileRef = 5BC3A08923F763EE00302CC8 /* FavoriteCell.swift */; };
		5BDA107923F0BB68008738B8 /* UIView + Extensions.swift in Sources */ = {isa = PBXBuildFile; fileRef = 5BDA107823F0BB68008738B8 /* UIView + Extensions.swift */; };
		5BDA107B23F0C50F008738B8 /* GithubUser.swift in Sources */ = {isa = PBXBuildFile; fileRef = 5BDA107A23F0C50F008738B8 /* GithubUser.swift */; };
		5BDA107D23F0C533008738B8 /* GithubProfile.swift in Sources */ = {isa = PBXBuildFile; fileRef = 5BDA107C23F0C533008738B8 /* GithubProfile.swift */; };
		5BEB164C23EAC46C00071DF1 /* KeyboardNotificationUserInfo.swift in Sources */ = {isa = PBXBuildFile; fileRef = 5BEB164B23EAC46C00071DF1 /* KeyboardNotificationUserInfo.swift */; };
		5BECD1C723EC847C00FA2455 /* Parser.swift in Sources */ = {isa = PBXBuildFile; fileRef = 5BECD1C623EC847C00FA2455 /* Parser.swift */; };
		5BECD1C923EC856100FA2455 /* FollowersViewController.swift in Sources */ = {isa = PBXBuildFile; fileRef = 5BECD1C823EC856100FA2455 /* FollowersViewController.swift */; };
		5BECD1CB23EC90A400FA2455 /* FollowerCell.swift in Sources */ = {isa = PBXBuildFile; fileRef = 5BECD1CA23EC90A400FA2455 /* FollowerCell.swift */; };
		5BF756D723FBBF3E00CD1CEC /* NSAttributedString + Extensions.swift in Sources */ = {isa = PBXBuildFile; fileRef = 5BF756D623FBBF3E00CD1CEC /* NSAttributedString + Extensions.swift */; };
		5BF9B05023E87714004B44B7 /* AppDelegate.swift in Sources */ = {isa = PBXBuildFile; fileRef = 5BF9B04F23E87714004B44B7 /* AppDelegate.swift */; };
		5BF9B05223E87714004B44B7 /* SceneDelegate.swift in Sources */ = {isa = PBXBuildFile; fileRef = 5BF9B05123E87714004B44B7 /* SceneDelegate.swift */; };
		5BF9B05423E87714004B44B7 /* SearchViewController.swift in Sources */ = {isa = PBXBuildFile; fileRef = 5BF9B05323E87714004B44B7 /* SearchViewController.swift */; };
		5BF9B05923E87717004B44B7 /* Assets.xcassets in Resources */ = {isa = PBXBuildFile; fileRef = 5BF9B05823E87717004B44B7 /* Assets.xcassets */; };
		5BF9B05C23E87717004B44B7 /* LaunchScreen.storyboard in Resources */ = {isa = PBXBuildFile; fileRef = 5BF9B05A23E87717004B44B7 /* LaunchScreen.storyboard */; };
		5BF9B06423E87CAC004B44B7 /* MainTabBarController.swift in Sources */ = {isa = PBXBuildFile; fileRef = 5BF9B06323E87CAC004B44B7 /* MainTabBarController.swift */; };
		5BF9B06723E87E85004B44B7 /* FavoritesViewController.swift in Sources */ = {isa = PBXBuildFile; fileRef = 5BF9B06623E87E85004B44B7 /* FavoritesViewController.swift */; };
/* End PBXBuildFile section */

/* Begin PBXFileReference section */
		5B074EBC23F1D20000582379 /* UserDetailsMainInfoView.swift */ = {isa = PBXFileReference; lastKnownFileType = sourcecode.swift; path = UserDetailsMainInfoView.swift; sourceTree = "<group>"; };
		5B074EBE23F1D21A00582379 /* UserDetailsInfoBlocksView.swift */ = {isa = PBXFileReference; lastKnownFileType = sourcecode.swift; path = UserDetailsInfoBlocksView.swift; sourceTree = "<group>"; };
		5B074EC023F1D26A00582379 /* SpacerView.swift */ = {isa = PBXFileReference; lastKnownFileType = sourcecode.swift; path = SpacerView.swift; sourceTree = "<group>"; };
		5B0D8F7423F36C980066214B /* CALayer + Extensions.swift */ = {isa = PBXFileReference; lastKnownFileType = sourcecode.swift; path = "CALayer + Extensions.swift"; sourceTree = "<group>"; };
		5B0D8F7623F370EC0066214B /* UIImage + Extensions.swift */ = {isa = PBXFileReference; lastKnownFileType = sourcecode.swift; path = "UIImage + Extensions.swift"; sourceTree = "<group>"; };
		5B1575A423F054C400BDFA9A /* UserDetailsViewController.swift */ = {isa = PBXFileReference; lastKnownFileType = sourcecode.swift; path = UserDetailsViewController.swift; sourceTree = "<group>"; };
		5B22985123F0B67A00E37DC1 /* CustomStackView.swift */ = {isa = PBXFileReference; lastKnownFileType = sourcecode.swift; path = CustomStackView.swift; sourceTree = "<group>"; };
		5B22985323F0B69E00E37DC1 /* HStackView.swift */ = {isa = PBXFileReference; lastKnownFileType = sourcecode.swift; path = HStackView.swift; sourceTree = "<group>"; };
		5B2424A423EC520600224099 /* GithubFollower.swift */ = {isa = PBXFileReference; lastKnownFileType = sourcecode.swift; path = GithubFollower.swift; sourceTree = "<group>"; };
		5B29FCCD23F85F8A006E6B1C /* GFViewController.swift */ = {isa = PBXFileReference; lastKnownFileType = sourcecode.swift; path = GFViewController.swift; sourceTree = "<group>"; };
		5B435C9E23EFB31700C885DE /* GFLoadingOverlayView.swift */ = {isa = PBXFileReference; lastKnownFileType = sourcecode.swift; path = GFLoadingOverlayView.swift; sourceTree = "<group>"; };
		5B495BE523F2F55500ECDB1F /* Date + Extensions.swift */ = {isa = PBXFileReference; lastKnownFileType = sourcecode.swift; path = "Date + Extensions.swift"; sourceTree = "<group>"; };
		5B55CB1123EB59CF00B6DF31 /* GFButton.swift */ = {isa = PBXFileReference; lastKnownFileType = sourcecode.swift; path = GFButton.swift; sourceTree = "<group>"; };
		5B55CB1323EB5C4800B6DF31 /* GFImageView.swift */ = {isa = PBXFileReference; lastKnownFileType = sourcecode.swift; path = GFImageView.swift; sourceTree = "<group>"; };
		5B55CB1523EB5E6100B6DF31 /* VStackView.swift */ = {isa = PBXFileReference; lastKnownFileType = sourcecode.swift; path = VStackView.swift; sourceTree = "<group>"; };
		5B55CB1823EB62E800B6DF31 /* Collection + Extensions.swift */ = {isa = PBXFileReference; lastKnownFileType = sourcecode.swift; path = "Collection + Extensions.swift"; sourceTree = "<group>"; };
		5B55CB1A23EB635800B6DF31 /* String + Extensions.swift */ = {isa = PBXFileReference; lastKnownFileType = sourcecode.swift; path = "String + Extensions.swift"; sourceTree = "<group>"; };
		5B55CB1C23EB7D2800B6DF31 /* URL + Extensions.swift */ = {isa = PBXFileReference; lastKnownFileType = sourcecode.swift; path = "URL + Extensions.swift"; sourceTree = "<group>"; };
		5B55CB1E23EB7D4600B6DF31 /* NetworkManager.swift */ = {isa = PBXFileReference; lastKnownFileType = sourcecode.swift; path = NetworkManager.swift; sourceTree = "<group>"; };
		5B6777C323F72250002C7877 /* FavoritesDataSource.swift */ = {isa = PBXFileReference; lastKnownFileType = sourcecode.swift; path = FavoritesDataSource.swift; sourceTree = "<group>"; };
		5B76B13B23EE07CE00252661 /* DataManager.swift */ = {isa = PBXFileReference; lastKnownFileType = sourcecode.swift; path = DataManager.swift; sourceTree = "<group>"; };
		5B76B13F23EE1FB200252661 /* UICollectionView + Extensions.swift */ = {isa = PBXFileReference; lastKnownFileType = sourcecode.swift; path = "UICollectionView + Extensions.swift"; sourceTree = "<group>"; };
		5B76B14123EE1FCA00252661 /* UICollectionViewCell + Extensions.swift */ = {isa = PBXFileReference; lastKnownFileType = sourcecode.swift; path = "UICollectionViewCell + Extensions.swift"; sourceTree = "<group>"; };
		5B9B3FC723EA47930011DF36 /* GFTextField.swift */ = {isa = PBXFileReference; lastKnownFileType = sourcecode.swift; path = GFTextField.swift; sourceTree = "<group>"; };
		5BA9D32823F0B1D30090EE71 /* GFLabel.swift */ = {isa = PBXFileReference; lastKnownFileType = sourcecode.swift; path = GFLabel.swift; sourceTree = "<group>"; };
		5BBE14AD23F7981400332189 /* PersistentManager.swift */ = {isa = PBXFileReference; lastKnownFileType = sourcecode.swift; path = PersistentManager.swift; sourceTree = "<group>"; };
		5BC3A08923F763EE00302CC8 /* FavoriteCell.swift */ = {isa = PBXFileReference; lastKnownFileType = sourcecode.swift; path = FavoriteCell.swift; sourceTree = "<group>"; };
		5BDA107823F0BB68008738B8 /* UIView + Extensions.swift */ = {isa = PBXFileReference; lastKnownFileType = sourcecode.swift; path = "UIView + Extensions.swift"; sourceTree = "<group>"; };
		5BDA107A23F0C50F008738B8 /* GithubUser.swift */ = {isa = PBXFileReference; lastKnownFileType = sourcecode.swift; path = GithubUser.swift; sourceTree = "<group>"; };
		5BDA107C23F0C533008738B8 /* GithubProfile.swift */ = {isa = PBXFileReference; lastKnownFileType = sourcecode.swift; path = GithubProfile.swift; sourceTree = "<group>"; };
		5BEB164B23EAC46C00071DF1 /* KeyboardNotificationUserInfo.swift */ = {isa = PBXFileReference; lastKnownFileType = sourcecode.swift; path = KeyboardNotificationUserInfo.swift; sourceTree = "<group>"; };
		5BECD1C623EC847C00FA2455 /* Parser.swift */ = {isa = PBXFileReference; lastKnownFileType = sourcecode.swift; path = Parser.swift; sourceTree = "<group>"; };
		5BECD1C823EC856100FA2455 /* FollowersViewController.swift */ = {isa = PBXFileReference; lastKnownFileType = sourcecode.swift; path = FollowersViewController.swift; sourceTree = "<group>"; };
		5BECD1CA23EC90A400FA2455 /* FollowerCell.swift */ = {isa = PBXFileReference; lastKnownFileType = sourcecode.swift; path = FollowerCell.swift; sourceTree = "<group>"; };
		5BF756D623FBBF3E00CD1CEC /* NSAttributedString + Extensions.swift */ = {isa = PBXFileReference; lastKnownFileType = sourcecode.swift; path = "NSAttributedString + Extensions.swift"; sourceTree = "<group>"; };
		5BF9B04C23E87714004B44B7 /* GitHub-Followers.app */ = {isa = PBXFileReference; explicitFileType = wrapper.application; includeInIndex = 0; path = "GitHub-Followers.app"; sourceTree = BUILT_PRODUCTS_DIR; };
		5BF9B04F23E87714004B44B7 /* AppDelegate.swift */ = {isa = PBXFileReference; lastKnownFileType = sourcecode.swift; path = AppDelegate.swift; sourceTree = "<group>"; };
		5BF9B05123E87714004B44B7 /* SceneDelegate.swift */ = {isa = PBXFileReference; lastKnownFileType = sourcecode.swift; path = SceneDelegate.swift; sourceTree = "<group>"; };
		5BF9B05323E87714004B44B7 /* SearchViewController.swift */ = {isa = PBXFileReference; lastKnownFileType = sourcecode.swift; path = SearchViewController.swift; sourceTree = "<group>"; };
		5BF9B05823E87717004B44B7 /* Assets.xcassets */ = {isa = PBXFileReference; lastKnownFileType = folder.assetcatalog; path = Assets.xcassets; sourceTree = "<group>"; };
		5BF9B05B23E87717004B44B7 /* Base */ = {isa = PBXFileReference; lastKnownFileType = file.storyboard; name = Base; path = Base.lproj/LaunchScreen.storyboard; sourceTree = "<group>"; };
		5BF9B05D23E87717004B44B7 /* Info.plist */ = {isa = PBXFileReference; lastKnownFileType = text.plist.xml; path = Info.plist; sourceTree = "<group>"; };
		5BF9B06323E87CAC004B44B7 /* MainTabBarController.swift */ = {isa = PBXFileReference; lastKnownFileType = sourcecode.swift; path = MainTabBarController.swift; sourceTree = "<group>"; };
		5BF9B06623E87E85004B44B7 /* FavoritesViewController.swift */ = {isa = PBXFileReference; lastKnownFileType = sourcecode.swift; path = FavoritesViewController.swift; sourceTree = "<group>"; };
/* End PBXFileReference section */

/* Begin PBXFrameworksBuildPhase section */
		5BF9B04923E87714004B44B7 /* Frameworks */ = {
			isa = PBXFrameworksBuildPhase;
			buildActionMask = 2147483647;
			files = (
			);
			runOnlyForDeploymentPostprocessing = 0;
		};
/* End PBXFrameworksBuildPhase section */

/* Begin PBXGroup section */
		5B074EC223F1D2AE00582379 /* UserDetails */ = {
			isa = PBXGroup;
			children = (
				5B1575A423F054C400BDFA9A /* UserDetailsViewController.swift */,
				5B074EBC23F1D20000582379 /* UserDetailsMainInfoView.swift */,
				5B074EBE23F1D21A00582379 /* UserDetailsInfoBlocksView.swift */,
			);
			path = UserDetails;
			sourceTree = "<group>";
		};
		5B22985523F0B6BA00E37DC1 /* StackView */ = {
			isa = PBXGroup;
			children = (
				5B22985123F0B67A00E37DC1 /* CustomStackView.swift */,
				5B55CB1523EB5E6100B6DF31 /* VStackView.swift */,
				5B22985323F0B69E00E37DC1 /* HStackView.swift */,
			);
			path = StackView;
			sourceTree = "<group>";
		};
		5B2424A623EC521700224099 /* Model */ = {
			isa = PBXGroup;
			children = (
				5BDA107C23F0C533008738B8 /* GithubProfile.swift */,
				5BDA107A23F0C50F008738B8 /* GithubUser.swift */,
				5B2424A423EC520600224099 /* GithubFollower.swift */,
			);
			path = Model;
			sourceTree = "<group>";
		};
		5B55CB1723EB5E8700B6DF31 /* UI */ = {
			isa = PBXGroup;
			children = (
				5B22985523F0B6BA00E37DC1 /* StackView */,
				5B76B13F23EE1FB200252661 /* UICollectionView + Extensions.swift */,
				5B76B14123EE1FCA00252661 /* UICollectionViewCell + Extensions.swift */,
				5BDA107823F0BB68008738B8 /* UIView + Extensions.swift */,
				5B0D8F7623F370EC0066214B /* UIImage + Extensions.swift */,
				5B074EC023F1D26A00582379 /* SpacerView.swift */,
				5B0D8F7423F36C980066214B /* CALayer + Extensions.swift */,
			);
			path = UI;
			sourceTree = "<group>";
		};
		5B55CB2023EB7D4C00B6DF31 /* Managers */ = {
			isa = PBXGroup;
			children = (
				5B76B13B23EE07CE00252661 /* DataManager.swift */,
				5BBE14AD23F7981400332189 /* PersistentManager.swift */,
				5B55CB1E23EB7D4600B6DF31 /* NetworkManager.swift */,
				5BECD1C623EC847C00FA2455 /* Parser.swift */,
			);
			path = Managers;
			sourceTree = "<group>";
		};
		5B6777C523F72259002C7877 /* Favorites */ = {
			isa = PBXGroup;
			children = (
				5BF9B06623E87E85004B44B7 /* FavoritesViewController.swift */,
				5BC3A08923F763EE00302CC8 /* FavoriteCell.swift */,
				5B6777C323F72250002C7877 /* FavoritesDataSource.swift */,
			);
			path = Favorites;
			sourceTree = "<group>";
		};
		5B9B3FC923EA47E80011DF36 /* GF Custom UI */ = {
			isa = PBXGroup;
			children = (
				5B29FCCD23F85F8A006E6B1C /* GFViewController.swift */,
				5B55CB1323EB5C4800B6DF31 /* GFImageView.swift */,
				5B9B3FC723EA47930011DF36 /* GFTextField.swift */,
				5B55CB1123EB59CF00B6DF31 /* GFButton.swift */,
				5BA9D32823F0B1D30090EE71 /* GFLabel.swift */,
				5B435C9E23EFB31700C885DE /* GFLoadingOverlayView.swift */,
			);
			path = "GF Custom UI";
			sourceTree = "<group>";
		};
		5BEB164D23EAC49200071DF1 /* Helpers */ = {
			isa = PBXGroup;
			children = (
				5B55CB1723EB5E8700B6DF31 /* UI */,
				5BEB164B23EAC46C00071DF1 /* KeyboardNotificationUserInfo.swift */,
				5B55CB1823EB62E800B6DF31 /* Collection + Extensions.swift */,
				5B55CB1A23EB635800B6DF31 /* String + Extensions.swift */,
				5BF756D623FBBF3E00CD1CEC /* NSAttributedString + Extensions.swift */,
				5B495BE523F2F55500ECDB1F /* Date + Extensions.swift */,
				5B55CB1C23EB7D2800B6DF31 /* URL + Extensions.swift */,
			);
			path = Helpers;
			sourceTree = "<group>";
		};
		5BECD1CC23EC90CF00FA2455 /* FollowersList */ = {
			isa = PBXGroup;
			children = (
				5BECD1C823EC856100FA2455 /* FollowersViewController.swift */,
				5BECD1CA23EC90A400FA2455 /* FollowerCell.swift */,
			);
			path = FollowersList;
			sourceTree = "<group>";
		};
		5BF9B04323E87714004B44B7 = {
			isa = PBXGroup;
			children = (
				5BF9B04E23E87714004B44B7 /* GitHub-Followers */,
				5BF9B04D23E87714004B44B7 /* Products */,
			);
			sourceTree = "<group>";
		};
		5BF9B04D23E87714004B44B7 /* Products */ = {
			isa = PBXGroup;
			children = (
				5BF9B04C23E87714004B44B7 /* GitHub-Followers.app */,
			);
			name = Products;
			sourceTree = "<group>";
		};
		5BF9B04E23E87714004B44B7 /* GitHub-Followers */ = {
			isa = PBXGroup;
			children = (
				5BF9B04F23E87714004B44B7 /* AppDelegate.swift */,
				5BF9B05123E87714004B44B7 /* SceneDelegate.swift */,
				5B2424A623EC521700224099 /* Model */,
				5BF9B06523E87DD8004B44B7 /* ViewControllers */,
				5B55CB2023EB7D4C00B6DF31 /* Managers */,
				5B9B3FC923EA47E80011DF36 /* GF Custom UI */,
				5BEB164D23EAC49200071DF1 /* Helpers */,
				5BF9B05823E87717004B44B7 /* Assets.xcassets */,
				5BF9B05A23E87717004B44B7 /* LaunchScreen.storyboard */,
				5BF9B05D23E87717004B44B7 /* Info.plist */,
			);
			path = "GitHub-Followers";
			sourceTree = "<group>";
		};
		5BF9B06523E87DD8004B44B7 /* ViewControllers */ = {
			isa = PBXGroup;
			children = (
				5BF9B06323E87CAC004B44B7 /* MainTabBarController.swift */,
				5BF9B05323E87714004B44B7 /* SearchViewController.swift */,
				5BECD1CC23EC90CF00FA2455 /* FollowersList */,
				5B074EC223F1D2AE00582379 /* UserDetails */,
				5B6777C523F72259002C7877 /* Favorites */,
			);
			path = ViewControllers;
			sourceTree = "<group>";
		};
/* End PBXGroup section */

/* Begin PBXNativeTarget section */
		5BF9B04B23E87714004B44B7 /* GitHub-Followers */ = {
			isa = PBXNativeTarget;
			buildConfigurationList = 5BF9B06023E87717004B44B7 /* Build configuration list for PBXNativeTarget "GitHub-Followers" */;
			buildPhases = (
				5BF9B04823E87714004B44B7 /* Sources */,
				5BF9B04923E87714004B44B7 /* Frameworks */,
				5BF9B04A23E87714004B44B7 /* Resources */,
			);
			buildRules = (
			);
			dependencies = (
			);
			name = "GitHub-Followers";
			productName = "GitHub-Followers";
			productReference = 5BF9B04C23E87714004B44B7 /* GitHub-Followers.app */;
			productType = "com.apple.product-type.application";
		};
/* End PBXNativeTarget section */

/* Begin PBXProject section */
		5BF9B04423E87714004B44B7 /* Project object */ = {
			isa = PBXProject;
			attributes = {
				LastSwiftUpdateCheck = 1130;
				LastUpgradeCheck = 1130;
				ORGANIZATIONNAME = "Aleksey Paykachev";
				TargetAttributes = {
					5BF9B04B23E87714004B44B7 = {
						CreatedOnToolsVersion = 11.3.1;
					};
				};
			};
			buildConfigurationList = 5BF9B04723E87714004B44B7 /* Build configuration list for PBXProject "GitHub-Followers" */;
			compatibilityVersion = "Xcode 9.3";
			developmentRegion = en;
			hasScannedForEncodings = 0;
			knownRegions = (
				en,
				Base,
			);
			mainGroup = 5BF9B04323E87714004B44B7;
			productRefGroup = 5BF9B04D23E87714004B44B7 /* Products */;
			projectDirPath = "";
			projectRoot = "";
			targets = (
				5BF9B04B23E87714004B44B7 /* GitHub-Followers */,
			);
		};
/* End PBXProject section */

/* Begin PBXResourcesBuildPhase section */
		5BF9B04A23E87714004B44B7 /* Resources */ = {
			isa = PBXResourcesBuildPhase;
			buildActionMask = 2147483647;
			files = (
				5BF9B05C23E87717004B44B7 /* LaunchScreen.storyboard in Resources */,
				5BF9B05923E87717004B44B7 /* Assets.xcassets in Resources */,
			);
			runOnlyForDeploymentPostprocessing = 0;
		};
/* End PBXResourcesBuildPhase section */

/* Begin PBXSourcesBuildPhase section */
		5BF9B04823E87714004B44B7 /* Sources */ = {
			isa = PBXSourcesBuildPhase;
			buildActionMask = 2147483647;
			files = (
				5B9B3FC823EA47930011DF36 /* GFTextField.swift in Sources */,
				5BF9B05423E87714004B44B7 /* SearchViewController.swift in Sources */,
				5B55CB1223EB59CF00B6DF31 /* GFButton.swift in Sources */,
				5B074EBF23F1D21A00582379 /* UserDetailsInfoBlocksView.swift in Sources */,
				5B074EC123F1D26A00582379 /* SpacerView.swift in Sources */,
				5BF9B06423E87CAC004B44B7 /* MainTabBarController.swift in Sources */,
				5B0D8F7723F370EC0066214B /* UIImage + Extensions.swift in Sources */,
				5BDA107D23F0C533008738B8 /* GithubProfile.swift in Sources */,
				5BECD1C723EC847C00FA2455 /* Parser.swift in Sources */,
				5B55CB1D23EB7D2800B6DF31 /* URL + Extensions.swift in Sources */,
				5BF9B05023E87714004B44B7 /* AppDelegate.swift in Sources */,
				5B435C9F23EFB31700C885DE /* GFLoadingOverlayView.swift in Sources */,
				5B55CB1423EB5C4800B6DF31 /* GFImageView.swift in Sources */,
				5BECD1C923EC856100FA2455 /* FollowersViewController.swift in Sources */,
				5BF9B06723E87E85004B44B7 /* FavoritesViewController.swift in Sources */,
				5BEB164C23EAC46C00071DF1 /* KeyboardNotificationUserInfo.swift in Sources */,
				5BBE14AE23F7981400332189 /* PersistentManager.swift in Sources */,
				5B1575A523F054C400BDFA9A /* UserDetailsViewController.swift in Sources */,
				5BA9D32923F0B1D30090EE71 /* GFLabel.swift in Sources */,
				5BF756D723FBBF3E00CD1CEC /* NSAttributedString + Extensions.swift in Sources */,
				5BECD1CB23EC90A400FA2455 /* FollowerCell.swift in Sources */,
				5B22985223F0B67A00E37DC1 /* CustomStackView.swift in Sources */,
				5BF9B05223E87714004B44B7 /* SceneDelegate.swift in Sources */,
				5B55CB1F23EB7D4600B6DF31 /* NetworkManager.swift in Sources */,
				5B29FCCE23F85F8A006E6B1C /* GFViewController.swift in Sources */,
				5B6777C423F72250002C7877 /* FavoritesDataSource.swift in Sources */,
				5B0D8F7523F36C980066214B /* CALayer + Extensions.swift in Sources */,
				5B76B13C23EE07CE00252661 /* DataManager.swift in Sources */,
				5B55CB1623EB5E6100B6DF31 /* VStackView.swift in Sources */,
				5B55CB1B23EB635800B6DF31 /* String + Extensions.swift in Sources */,
				5B2424A523EC520600224099 /* GithubFollower.swift in Sources */,
				5B76B14023EE1FB200252661 /* UICollectionView + Extensions.swift in Sources */,
				5B22985423F0B69E00E37DC1 /* HStackView.swift in Sources */,
				5B55CB1923EB62E800B6DF31 /* Collection + Extensions.swift in Sources */,
				5BC3A08A23F763EE00302CC8 /* FavoriteCell.swift in Sources */,
				5B495BE623F2F55500ECDB1F /* Date + Extensions.swift in Sources */,
				5BDA107B23F0C50F008738B8 /* GithubUser.swift in Sources */,
				5B074EBD23F1D20000582379 /* UserDetailsMainInfoView.swift in Sources */,
				5BDA107923F0BB68008738B8 /* UIView + Extensions.swift in Sources */,
				5B76B14223EE1FCA00252661 /* UICollectionViewCell + Extensions.swift in Sources */,
			);
			runOnlyForDeploymentPostprocessing = 0;
		};
/* End PBXSourcesBuildPhase section */

/* Begin PBXVariantGroup section */
		5BF9B05A23E87717004B44B7 /* LaunchScreen.storyboard */ = {
			isa = PBXVariantGroup;
			children = (
				5BF9B05B23E87717004B44B7 /* Base */,
			);
			name = LaunchScreen.storyboard;
			sourceTree = "<group>";
		};
/* End PBXVariantGroup section */

/* Begin XCBuildConfiguration section */
		5BF9B05E23E87717004B44B7 /* Debug */ = {
			isa = XCBuildConfiguration;
			buildSettings = {
				ALWAYS_SEARCH_USER_PATHS = NO;
				CLANG_ANALYZER_NONNULL = YES;
				CLANG_ANALYZER_NUMBER_OBJECT_CONVERSION = YES_AGGRESSIVE;
				CLANG_CXX_LANGUAGE_STANDARD = "gnu++14";
				CLANG_CXX_LIBRARY = "libc++";
				CLANG_ENABLE_MODULES = YES;
				CLANG_ENABLE_OBJC_ARC = YES;
				CLANG_ENABLE_OBJC_WEAK = YES;
				CLANG_WARN_BLOCK_CAPTURE_AUTORELEASING = YES;
				CLANG_WARN_BOOL_CONVERSION = YES;
				CLANG_WARN_COMMA = YES;
				CLANG_WARN_CONSTANT_CONVERSION = YES;
				CLANG_WARN_DEPRECATED_OBJC_IMPLEMENTATIONS = YES;
				CLANG_WARN_DIRECT_OBJC_ISA_USAGE = YES_ERROR;
				CLANG_WARN_DOCUMENTATION_COMMENTS = YES;
				CLANG_WARN_EMPTY_BODY = YES;
				CLANG_WARN_ENUM_CONVERSION = YES;
				CLANG_WARN_INFINITE_RECURSION = YES;
				CLANG_WARN_INT_CONVERSION = YES;
				CLANG_WARN_NON_LITERAL_NULL_CONVERSION = YES;
				CLANG_WARN_OBJC_IMPLICIT_RETAIN_SELF = YES;
				CLANG_WARN_OBJC_LITERAL_CONVERSION = YES;
				CLANG_WARN_OBJC_ROOT_CLASS = YES_ERROR;
				CLANG_WARN_RANGE_LOOP_ANALYSIS = YES;
				CLANG_WARN_STRICT_PROTOTYPES = YES;
				CLANG_WARN_SUSPICIOUS_MOVE = YES;
				CLANG_WARN_UNGUARDED_AVAILABILITY = YES_AGGRESSIVE;
				CLANG_WARN_UNREACHABLE_CODE = YES;
				CLANG_WARN__DUPLICATE_METHOD_MATCH = YES;
				COPY_PHASE_STRIP = NO;
				DEBUG_INFORMATION_FORMAT = dwarf;
				ENABLE_STRICT_OBJC_MSGSEND = YES;
				ENABLE_TESTABILITY = YES;
				GCC_C_LANGUAGE_STANDARD = gnu11;
				GCC_DYNAMIC_NO_PIC = NO;
				GCC_NO_COMMON_BLOCKS = YES;
				GCC_OPTIMIZATION_LEVEL = 0;
				GCC_PREPROCESSOR_DEFINITIONS = (
					"DEBUG=1",
					"$(inherited)",
				);
				GCC_WARN_64_TO_32_BIT_CONVERSION = YES;
				GCC_WARN_ABOUT_RETURN_TYPE = YES_ERROR;
				GCC_WARN_UNDECLARED_SELECTOR = YES;
				GCC_WARN_UNINITIALIZED_AUTOS = YES_AGGRESSIVE;
				GCC_WARN_UNUSED_FUNCTION = YES;
				GCC_WARN_UNUSED_VARIABLE = YES;
				IPHONEOS_DEPLOYMENT_TARGET = 13.2;
				MTL_ENABLE_DEBUG_INFO = INCLUDE_SOURCE;
				MTL_FAST_MATH = YES;
				ONLY_ACTIVE_ARCH = YES;
				SDKROOT = iphoneos;
				SWIFT_ACTIVE_COMPILATION_CONDITIONS = DEBUG;
				SWIFT_OPTIMIZATION_LEVEL = "-Onone";
			};
			name = Debug;
		};
		5BF9B05F23E87717004B44B7 /* Release */ = {
			isa = XCBuildConfiguration;
			buildSettings = {
				ALWAYS_SEARCH_USER_PATHS = NO;
				CLANG_ANALYZER_NONNULL = YES;
				CLANG_ANALYZER_NUMBER_OBJECT_CONVERSION = YES_AGGRESSIVE;
				CLANG_CXX_LANGUAGE_STANDARD = "gnu++14";
				CLANG_CXX_LIBRARY = "libc++";
				CLANG_ENABLE_MODULES = YES;
				CLANG_ENABLE_OBJC_ARC = YES;
				CLANG_ENABLE_OBJC_WEAK = YES;
				CLANG_WARN_BLOCK_CAPTURE_AUTORELEASING = YES;
				CLANG_WARN_BOOL_CONVERSION = YES;
				CLANG_WARN_COMMA = YES;
				CLANG_WARN_CONSTANT_CONVERSION = YES;
				CLANG_WARN_DEPRECATED_OBJC_IMPLEMENTATIONS = YES;
				CLANG_WARN_DIRECT_OBJC_ISA_USAGE = YES_ERROR;
				CLANG_WARN_DOCUMENTATION_COMMENTS = YES;
				CLANG_WARN_EMPTY_BODY = YES;
				CLANG_WARN_ENUM_CONVERSION = YES;
				CLANG_WARN_INFINITE_RECURSION = YES;
				CLANG_WARN_INT_CONVERSION = YES;
				CLANG_WARN_NON_LITERAL_NULL_CONVERSION = YES;
				CLANG_WARN_OBJC_IMPLICIT_RETAIN_SELF = YES;
				CLANG_WARN_OBJC_LITERAL_CONVERSION = YES;
				CLANG_WARN_OBJC_ROOT_CLASS = YES_ERROR;
				CLANG_WARN_RANGE_LOOP_ANALYSIS = YES;
				CLANG_WARN_STRICT_PROTOTYPES = YES;
				CLANG_WARN_SUSPICIOUS_MOVE = YES;
				CLANG_WARN_UNGUARDED_AVAILABILITY = YES_AGGRESSIVE;
				CLANG_WARN_UNREACHABLE_CODE = YES;
				CLANG_WARN__DUPLICATE_METHOD_MATCH = YES;
				COPY_PHASE_STRIP = NO;
				DEBUG_INFORMATION_FORMAT = "dwarf-with-dsym";
				ENABLE_NS_ASSERTIONS = NO;
				ENABLE_STRICT_OBJC_MSGSEND = YES;
				GCC_C_LANGUAGE_STANDARD = gnu11;
				GCC_NO_COMMON_BLOCKS = YES;
				GCC_WARN_64_TO_32_BIT_CONVERSION = YES;
				GCC_WARN_ABOUT_RETURN_TYPE = YES_ERROR;
				GCC_WARN_UNDECLARED_SELECTOR = YES;
				GCC_WARN_UNINITIALIZED_AUTOS = YES_AGGRESSIVE;
				GCC_WARN_UNUSED_FUNCTION = YES;
				GCC_WARN_UNUSED_VARIABLE = YES;
				IPHONEOS_DEPLOYMENT_TARGET = 13.2;
				MTL_ENABLE_DEBUG_INFO = NO;
				MTL_FAST_MATH = YES;
				SDKROOT = iphoneos;
				SWIFT_COMPILATION_MODE = wholemodule;
				SWIFT_OPTIMIZATION_LEVEL = "-O";
				VALIDATE_PRODUCT = YES;
			};
			name = Release;
		};
		5BF9B06123E87717004B44B7 /* Debug */ = {
			isa = XCBuildConfiguration;
			buildSettings = {
				ASSETCATALOG_COMPILER_APPICON_NAME = AppIcon;
				CODE_SIGN_STYLE = Automatic;
				DEVELOPMENT_TEAM = D2886KUG27;
				INFOPLIST_FILE = "GitHub-Followers/Info.plist";
				LD_RUNPATH_SEARCH_PATHS = (
					"$(inherited)",
					"@executable_path/Frameworks",
				);
				PRODUCT_BUNDLE_IDENTIFIER = "com.apaykachev.GitHub-Followers";
				PRODUCT_NAME = "$(TARGET_NAME)";
				SWIFT_VERSION = 5.0;
				TARGETED_DEVICE_FAMILY = "1,2";
			};
			name = Debug;
		};
		5BF9B06223E87717004B44B7 /* Release */ = {
			isa = XCBuildConfiguration;
			buildSettings = {
				ASSETCATALOG_COMPILER_APPICON_NAME = AppIcon;
				CODE_SIGN_STYLE = Automatic;
				DEVELOPMENT_TEAM = D2886KUG27;
				INFOPLIST_FILE = "GitHub-Followers/Info.plist";
				LD_RUNPATH_SEARCH_PATHS = (
					"$(inherited)",
					"@executable_path/Frameworks",
				);
				PRODUCT_BUNDLE_IDENTIFIER = "com.apaykachev.GitHub-Followers";
				PRODUCT_NAME = "$(TARGET_NAME)";
				SWIFT_VERSION = 5.0;
				TARGETED_DEVICE_FAMILY = "1,2";
			};
			name = Release;
		};
/* End XCBuildConfiguration section */

/* Begin XCConfigurationList section */
		5BF9B04723E87714004B44B7 /* Build configuration list for PBXProject "GitHub-Followers" */ = {
			isa = XCConfigurationList;
			buildConfigurations = (
				5BF9B05E23E87717004B44B7 /* Debug */,
				5BF9B05F23E87717004B44B7 /* Release */,
			);
			defaultConfigurationIsVisible = 0;
			defaultConfigurationName = Release;
		};
		5BF9B06023E87717004B44B7 /* Build configuration list for PBXNativeTarget "GitHub-Followers" */ = {
			isa = XCConfigurationList;
			buildConfigurations = (
				5BF9B06123E87717004B44B7 /* Debug */,
				5BF9B06223E87717004B44B7 /* Release */,
			);
			defaultConfigurationIsVisible = 0;
			defaultConfigurationName = Release;
		};
/* End XCConfigurationList section */
	};
	rootObject = 5BF9B04423E87714004B44B7 /* Project object */;
}
